// !$*UTF8*$!
{
	archiveVersion = 1;
	classes = {
	};
	objectVersion = 56;
	objects = {

/* Begin PBXBuildFile section */
		E10314442B487913007697FF /* Date+Ext.swift in Sources */ = {isa = PBXBuildFile; fileRef = E10314432B487913007697FF /* Date+Ext.swift */; };
		E128C1162B55A11C0039474C /* NetworkClientTest.swift in Sources */ = {isa = PBXBuildFile; fileRef = E128C1152B55A11C0039474C /* NetworkClientTest.swift */; };
		E13EA8A92B599E6700DE4054 /* StaticLoader.swift in Sources */ = {isa = PBXBuildFile; fileRef = E13EA8A82B599E6700DE4054 /* StaticLoader.swift */; };
		E164CA422B52EC930098718A /* AppetizerListViewModelTest.swift in Sources */ = {isa = PBXBuildFile; fileRef = E164CA412B52EC930098718A /* AppetizerListViewModelTest.swift */; };
		E164CA442B52ECF00098718A /* AccountViewModelTest.swift in Sources */ = {isa = PBXBuildFile; fileRef = E164CA432B52ECF00098718A /* AccountViewModelTest.swift */; };
		E164CA4A2B5301AB0098718A /* MockStorageProtocolImpl.swift in Sources */ = {isa = PBXBuildFile; fileRef = E164CA452B53011D0098718A /* MockStorageProtocolImpl.swift */; };
		E1977A8B2B5ED97F0013AB57 /* MockURLSession.swift in Sources */ = {isa = PBXBuildFile; fileRef = E1977A8A2B5ED97F0013AB57 /* MockURLSession.swift */; };
		E1977A8E2B5EE4D40013AB57 /* MockNetworkResponse.json in Resources */ = {isa = PBXBuildFile; fileRef = E13EA8A42B595CC700DE4054 /* MockNetworkResponse.json */; };
		E1977A8F2B5EE5410013AB57 /* MockNetworkResponse.json in Resources */ = {isa = PBXBuildFile; fileRef = E13EA8A42B595CC700DE4054 /* MockNetworkResponse.json */; };
		E1992E8D2B3215A2006B9F1F /* DetailView.swift in Sources */ = {isa = PBXBuildFile; fileRef = E1992E8C2B3215A2006B9F1F /* DetailView.swift */; };
		E1992E912B32198A006B9F1F /* AppetizerDetailsTextView.swift in Sources */ = {isa = PBXBuildFile; fileRef = E1992E902B32198A006B9F1F /* AppetizerDetailsTextView.swift */; };
		E1992E932B321A6E006B9F1F /* NutritionInfoView.swift in Sources */ = {isa = PBXBuildFile; fileRef = E1992E922B321A6E006B9F1F /* NutritionInfoView.swift */; };
		E1992E952B321DCF006B9F1F /* OrderButtonText.swift in Sources */ = {isa = PBXBuildFile; fileRef = E1992E942B321DCE006B9F1F /* OrderButtonText.swift */; };
		E1992E972B321F46006B9F1F /* ExitButton.swift in Sources */ = {isa = PBXBuildFile; fileRef = E1992E962B321F46006B9F1F /* ExitButton.swift */; };
		E1992E992B331A53006B9F1F /* PersonalInfoSection.swift in Sources */ = {isa = PBXBuildFile; fileRef = E1992E982B331A53006B9F1F /* PersonalInfoSection.swift */; };
		E1992E9B2B331B69006B9F1F /* AccountViewModel.swift in Sources */ = {isa = PBXBuildFile; fileRef = E1992E9A2B331B69006B9F1F /* AccountViewModel.swift */; };
		E1992E9D2B331C16006B9F1F /* ToggleSection.swift in Sources */ = {isa = PBXBuildFile; fileRef = E1992E9C2B331C16006B9F1F /* ToggleSection.swift */; };
		E1992EA02B332178006B9F1F /* String+Ext.swift in Sources */ = {isa = PBXBuildFile; fileRef = E1992E9F2B332177006B9F1F /* String+Ext.swift */; };
		E1992EA22B332C81006B9F1F /* User.swift in Sources */ = {isa = PBXBuildFile; fileRef = E1992EA12B332C81006B9F1F /* User.swift */; };
		E1992EA62B332FA4006B9F1F /* StorageProtocol.swift in Sources */ = {isa = PBXBuildFile; fileRef = E1992EA52B332FA4006B9F1F /* StorageProtocol.swift */; };
		E1992EA92B332FF9006B9F1F /* StorageProtocolImpl.swift in Sources */ = {isa = PBXBuildFile; fileRef = E1992EA82B332FF9006B9F1F /* StorageProtocolImpl.swift */; };
		E1992EAB2B333324006B9F1F /* UserError.swift in Sources */ = {isa = PBXBuildFile; fileRef = E1992EAA2B333324006B9F1F /* UserError.swift */; };
		E1992EAD2B333467006B9F1F /* ErrorAlertItem.swift in Sources */ = {isa = PBXBuildFile; fileRef = E1992EAC2B333467006B9F1F /* ErrorAlertItem.swift */; };
		E1992EAF2B33348C006B9F1F /* UserAlertItem.swift in Sources */ = {isa = PBXBuildFile; fileRef = E1992EAE2B33348C006B9F1F /* UserAlertItem.swift */; };
		E1992EB42B347091006B9F1F /* EmptyOrderView.swift in Sources */ = {isa = PBXBuildFile; fileRef = E1992EB32B347091006B9F1F /* EmptyOrderView.swift */; };
		E1992EB62B34723D006B9F1F /* AppetizersOrderView.swift in Sources */ = {isa = PBXBuildFile; fileRef = E1992EB52B34723D006B9F1F /* AppetizersOrderView.swift */; };
		E1992EB82B34751D006B9F1F /* Order.swift in Sources */ = {isa = PBXBuildFile; fileRef = E1992EB72B34751D006B9F1F /* Order.swift */; };
		E1992EBC2B348D51006B9F1F /* ButtonModifiers.swift in Sources */ = {isa = PBXBuildFile; fileRef = E1992EBB2B348D51006B9F1F /* ButtonModifiers.swift */; };
		E1992EBF2B348FAA006B9F1F /* FocusTextField.swift in Sources */ = {isa = PBXBuildFile; fileRef = E1992EBE2B348FAA006B9F1F /* FocusTextField.swift */; };
		E1992EC22B349009006B9F1F /* NutritionCategory.swift in Sources */ = {isa = PBXBuildFile; fileRef = E1992EC12B349009006B9F1F /* NutritionCategory.swift */; };
		E1992EC42B3490EA006B9F1F /* TextFieldModifiers.swift in Sources */ = {isa = PBXBuildFile; fileRef = E1992EC32B3490EA006B9F1F /* TextFieldModifiers.swift */; };
		E1C30F282B307CD900274192 /* AppetizersApp.swift in Sources */ = {isa = PBXBuildFile; fileRef = E1C30F272B307CD900274192 /* AppetizersApp.swift */; };
		E1C30F2A2B307CD900274192 /* AppetizerTabView.swift in Sources */ = {isa = PBXBuildFile; fileRef = E1C30F292B307CD900274192 /* AppetizerTabView.swift */; };
		E1C30F2C2B307CDB00274192 /* Assets.xcassets in Resources */ = {isa = PBXBuildFile; fileRef = E1C30F2B2B307CDB00274192 /* Assets.xcassets */; };
		E1C30F2F2B307CDB00274192 /* Preview Assets.xcassets in Resources */ = {isa = PBXBuildFile; fileRef = E1C30F2E2B307CDB00274192 /* Preview Assets.xcassets */; };
		E1C30F3A2B30800B00274192 /* AppetizerListView.swift in Sources */ = {isa = PBXBuildFile; fileRef = E1C30F392B30800B00274192 /* AppetizerListView.swift */; };
		E1C30F3C2B30801600274192 /* AccountView.swift in Sources */ = {isa = PBXBuildFile; fileRef = E1C30F3B2B30801600274192 /* AccountView.swift */; };
		E1C30F3E2B30802300274192 /* OrderView.swift in Sources */ = {isa = PBXBuildFile; fileRef = E1C30F3D2B30802300274192 /* OrderView.swift */; };
		E1C30F422B31A32F00274192 /* Appetizer.swift in Sources */ = {isa = PBXBuildFile; fileRef = E1C30F412B31A32F00274192 /* Appetizer.swift */; };
		E1C30F442B31A93A00274192 /* AppetizerCell.swift in Sources */ = {isa = PBXBuildFile; fileRef = E1C30F432B31A93A00274192 /* AppetizerCell.swift */; };
		E1C30F4C2B31AF4100274192 /* NetworkClientImpl.swift in Sources */ = {isa = PBXBuildFile; fileRef = E1C30F4B2B31AF4100274192 /* NetworkClientImpl.swift */; };
		E1C30F502B31B07F00274192 /* AppetizerError.swift in Sources */ = {isa = PBXBuildFile; fileRef = E1C30F4F2B31B07F00274192 /* AppetizerError.swift */; };
		E1C30F522B31C09A00274192 /* AppetizerListViewModel.swift in Sources */ = {isa = PBXBuildFile; fileRef = E1C30F512B31C09A00274192 /* AppetizerListViewModel.swift */; };
		E1C30F542B31C2CE00274192 /* AlertItem.swift in Sources */ = {isa = PBXBuildFile; fileRef = E1C30F532B31C2CE00274192 /* AlertItem.swift */; };
		E1C30F582B31C82500274192 /* LoadingView.swift in Sources */ = {isa = PBXBuildFile; fileRef = E1C30F572B31C82500274192 /* LoadingView.swift */; };
		E1C30F5F2B31DAEB00274192 /* RemoteImage.swift in Sources */ = {isa = PBXBuildFile; fileRef = E1C30F5E2B31DAEB00274192 /* RemoteImage.swift */; };
		E1C30F612B31DF9900274192 /* ImageLoaderViewModel.swift in Sources */ = {isa = PBXBuildFile; fileRef = E1C30F602B31DF9900274192 /* ImageLoaderViewModel.swift */; };
		E1D62DF62B505D0C000E9824 /* AppetizersUITests.swift in Sources */ = {isa = PBXBuildFile; fileRef = E1D62DF52B505D0C000E9824 /* AppetizersUITests.swift */; };
		E1D62DF82B505D0C000E9824 /* AppetizersUITestsLaunchTests.swift in Sources */ = {isa = PBXBuildFile; fileRef = E1D62DF72B505D0C000E9824 /* AppetizersUITestsLaunchTests.swift */; };
		E1D62E042B505E01000E9824 /* OrderTest.swift in Sources */ = {isa = PBXBuildFile; fileRef = E1D62E032B505E01000E9824 /* OrderTest.swift */; };
		E1D62E072B506BCA000E9824 /* NetworkClientProtocol.swift in Sources */ = {isa = PBXBuildFile; fileRef = E1D62E062B506BCA000E9824 /* NetworkClientProtocol.swift */; };
		E1D62E0B2B50778E000E9824 /* StorageProtocolImplTest.swift in Sources */ = {isa = PBXBuildFile; fileRef = E1D62E0A2B50778E000E9824 /* StorageProtocolImplTest.swift */; };
		E1DBE92E2B61822B00E46417 /* AsianFlankSteak.jpg in Resources */ = {isa = PBXBuildFile; fileRef = E1DBE92D2B61822B00E46417 /* AsianFlankSteak.jpg */; };
		E1DBE92F2B61825E00E46417 /* AsianFlankSteak.jpg in Resources */ = {isa = PBXBuildFile; fileRef = E1DBE92D2B61822B00E46417 /* AsianFlankSteak.jpg */; };
/* End PBXBuildFile section */

/* Begin PBXContainerItemProxy section */
		E1D62DEA2B505CF5000E9824 /* PBXContainerItemProxy */ = {
			isa = PBXContainerItemProxy;
			containerPortal = E1C30F1C2B307CD900274192 /* Project object */;
			proxyType = 1;
			remoteGlobalIDString = E1C30F232B307CD900274192;
			remoteInfo = Appetizers;
		};
		E1D62DF92B505D0C000E9824 /* PBXContainerItemProxy */ = {
			isa = PBXContainerItemProxy;
			containerPortal = E1C30F1C2B307CD900274192 /* Project object */;
			proxyType = 1;
			remoteGlobalIDString = E1C30F232B307CD900274192;
			remoteInfo = Appetizers;
		};
/* End PBXContainerItemProxy section */

/* Begin PBXFileReference section */
		E10314432B487913007697FF /* Date+Ext.swift */ = {isa = PBXFileReference; lastKnownFileType = sourcecode.swift; path = "Date+Ext.swift"; sourceTree = "<group>"; };
		E128C1152B55A11C0039474C /* NetworkClientTest.swift */ = {isa = PBXFileReference; lastKnownFileType = sourcecode.swift; path = NetworkClientTest.swift; sourceTree = "<group>"; };
		E13EA8A42B595CC700DE4054 /* MockNetworkResponse.json */ = {isa = PBXFileReference; lastKnownFileType = text.json; path = MockNetworkResponse.json; sourceTree = "<group>"; };
		E13EA8A82B599E6700DE4054 /* StaticLoader.swift */ = {isa = PBXFileReference; lastKnownFileType = sourcecode.swift; path = StaticLoader.swift; sourceTree = "<group>"; };
		E164CA412B52EC930098718A /* AppetizerListViewModelTest.swift */ = {isa = PBXFileReference; lastKnownFileType = sourcecode.swift; path = AppetizerListViewModelTest.swift; sourceTree = "<group>"; };
		E164CA432B52ECF00098718A /* AccountViewModelTest.swift */ = {isa = PBXFileReference; lastKnownFileType = sourcecode.swift; path = AccountViewModelTest.swift; sourceTree = "<group>"; };
		E164CA452B53011D0098718A /* MockStorageProtocolImpl.swift */ = {isa = PBXFileReference; lastKnownFileType = sourcecode.swift; path = MockStorageProtocolImpl.swift; sourceTree = "<group>"; };
		E1977A8A2B5ED97F0013AB57 /* MockURLSession.swift */ = {isa = PBXFileReference; lastKnownFileType = sourcecode.swift; path = MockURLSession.swift; sourceTree = "<group>"; };
		E1992E8C2B3215A2006B9F1F /* DetailView.swift */ = {isa = PBXFileReference; lastKnownFileType = sourcecode.swift; path = DetailView.swift; sourceTree = "<group>"; };
		E1992E902B32198A006B9F1F /* AppetizerDetailsTextView.swift */ = {isa = PBXFileReference; lastKnownFileType = sourcecode.swift; path = AppetizerDetailsTextView.swift; sourceTree = "<group>"; };
		E1992E922B321A6E006B9F1F /* NutritionInfoView.swift */ = {isa = PBXFileReference; lastKnownFileType = sourcecode.swift; path = NutritionInfoView.swift; sourceTree = "<group>"; };
		E1992E942B321DCE006B9F1F /* OrderButtonText.swift */ = {isa = PBXFileReference; lastKnownFileType = sourcecode.swift; path = OrderButtonText.swift; sourceTree = "<group>"; };
		E1992E962B321F46006B9F1F /* ExitButton.swift */ = {isa = PBXFileReference; lastKnownFileType = sourcecode.swift; path = ExitButton.swift; sourceTree = "<group>"; };
		E1992E982B331A53006B9F1F /* PersonalInfoSection.swift */ = {isa = PBXFileReference; lastKnownFileType = sourcecode.swift; path = PersonalInfoSection.swift; sourceTree = "<group>"; };
		E1992E9A2B331B69006B9F1F /* AccountViewModel.swift */ = {isa = PBXFileReference; lastKnownFileType = sourcecode.swift; path = AccountViewModel.swift; sourceTree = "<group>"; };
		E1992E9C2B331C16006B9F1F /* ToggleSection.swift */ = {isa = PBXFileReference; lastKnownFileType = sourcecode.swift; path = ToggleSection.swift; sourceTree = "<group>"; };
		E1992E9F2B332177006B9F1F /* String+Ext.swift */ = {isa = PBXFileReference; lastKnownFileType = sourcecode.swift; path = "String+Ext.swift"; sourceTree = "<group>"; };
		E1992EA12B332C81006B9F1F /* User.swift */ = {isa = PBXFileReference; lastKnownFileType = sourcecode.swift; path = User.swift; sourceTree = "<group>"; };
		E1992EA52B332FA4006B9F1F /* StorageProtocol.swift */ = {isa = PBXFileReference; lastKnownFileType = sourcecode.swift; path = StorageProtocol.swift; sourceTree = "<group>"; };
		E1992EA82B332FF9006B9F1F /* StorageProtocolImpl.swift */ = {isa = PBXFileReference; lastKnownFileType = sourcecode.swift; path = StorageProtocolImpl.swift; sourceTree = "<group>"; xcLanguageSpecificationIdentifier = xcode.lang.swift; };
		E1992EAA2B333324006B9F1F /* UserError.swift */ = {isa = PBXFileReference; lastKnownFileType = sourcecode.swift; path = UserError.swift; sourceTree = "<group>"; };
		E1992EAC2B333467006B9F1F /* ErrorAlertItem.swift */ = {isa = PBXFileReference; lastKnownFileType = sourcecode.swift; path = ErrorAlertItem.swift; sourceTree = "<group>"; };
		E1992EAE2B33348C006B9F1F /* UserAlertItem.swift */ = {isa = PBXFileReference; lastKnownFileType = sourcecode.swift; path = UserAlertItem.swift; sourceTree = "<group>"; };
		E1992EB32B347091006B9F1F /* EmptyOrderView.swift */ = {isa = PBXFileReference; lastKnownFileType = sourcecode.swift; path = EmptyOrderView.swift; sourceTree = "<group>"; };
		E1992EB52B34723D006B9F1F /* AppetizersOrderView.swift */ = {isa = PBXFileReference; lastKnownFileType = sourcecode.swift; path = AppetizersOrderView.swift; sourceTree = "<group>"; };
		E1992EB72B34751D006B9F1F /* Order.swift */ = {isa = PBXFileReference; lastKnownFileType = sourcecode.swift; path = Order.swift; sourceTree = "<group>"; };
		E1992EBB2B348D51006B9F1F /* ButtonModifiers.swift */ = {isa = PBXFileReference; lastKnownFileType = sourcecode.swift; path = ButtonModifiers.swift; sourceTree = "<group>"; };
		E1992EBE2B348FAA006B9F1F /* FocusTextField.swift */ = {isa = PBXFileReference; lastKnownFileType = sourcecode.swift; path = FocusTextField.swift; sourceTree = "<group>"; };
		E1992EC12B349009006B9F1F /* NutritionCategory.swift */ = {isa = PBXFileReference; lastKnownFileType = sourcecode.swift; path = NutritionCategory.swift; sourceTree = "<group>"; };
		E1992EC32B3490EA006B9F1F /* TextFieldModifiers.swift */ = {isa = PBXFileReference; lastKnownFileType = sourcecode.swift; path = TextFieldModifiers.swift; sourceTree = "<group>"; };
		E1C30F242B307CD900274192 /* Appetizers.app */ = {isa = PBXFileReference; explicitFileType = wrapper.application; includeInIndex = 0; path = Appetizers.app; sourceTree = BUILT_PRODUCTS_DIR; };
		E1C30F272B307CD900274192 /* AppetizersApp.swift */ = {isa = PBXFileReference; lastKnownFileType = sourcecode.swift; path = AppetizersApp.swift; sourceTree = "<group>"; };
		E1C30F292B307CD900274192 /* AppetizerTabView.swift */ = {isa = PBXFileReference; lastKnownFileType = sourcecode.swift; path = AppetizerTabView.swift; sourceTree = "<group>"; };
		E1C30F2B2B307CDB00274192 /* Assets.xcassets */ = {isa = PBXFileReference; lastKnownFileType = folder.assetcatalog; path = Assets.xcassets; sourceTree = "<group>"; };
		E1C30F2E2B307CDB00274192 /* Preview Assets.xcassets */ = {isa = PBXFileReference; lastKnownFileType = folder.assetcatalog; path = "Preview Assets.xcassets"; sourceTree = "<group>"; };
		E1C30F392B30800B00274192 /* AppetizerListView.swift */ = {isa = PBXFileReference; lastKnownFileType = sourcecode.swift; path = AppetizerListView.swift; sourceTree = "<group>"; };
		E1C30F3B2B30801600274192 /* AccountView.swift */ = {isa = PBXFileReference; lastKnownFileType = sourcecode.swift; path = AccountView.swift; sourceTree = "<group>"; };
		E1C30F3D2B30802300274192 /* OrderView.swift */ = {isa = PBXFileReference; lastKnownFileType = sourcecode.swift; path = OrderView.swift; sourceTree = "<group>"; };
		E1C30F412B31A32F00274192 /* Appetizer.swift */ = {isa = PBXFileReference; lastKnownFileType = sourcecode.swift; path = Appetizer.swift; sourceTree = "<group>"; };
		E1C30F432B31A93A00274192 /* AppetizerCell.swift */ = {isa = PBXFileReference; lastKnownFileType = sourcecode.swift; path = AppetizerCell.swift; sourceTree = "<group>"; };
		E1C30F4B2B31AF4100274192 /* NetworkClientImpl.swift */ = {isa = PBXFileReference; lastKnownFileType = sourcecode.swift; path = NetworkClientImpl.swift; sourceTree = "<group>"; };
		E1C30F4F2B31B07F00274192 /* AppetizerError.swift */ = {isa = PBXFileReference; lastKnownFileType = sourcecode.swift; path = AppetizerError.swift; sourceTree = "<group>"; };
		E1C30F512B31C09A00274192 /* AppetizerListViewModel.swift */ = {isa = PBXFileReference; lastKnownFileType = sourcecode.swift; path = AppetizerListViewModel.swift; sourceTree = "<group>"; };
		E1C30F532B31C2CE00274192 /* AlertItem.swift */ = {isa = PBXFileReference; lastKnownFileType = sourcecode.swift; path = AlertItem.swift; sourceTree = "<group>"; };
		E1C30F572B31C82500274192 /* LoadingView.swift */ = {isa = PBXFileReference; lastKnownFileType = sourcecode.swift; path = LoadingView.swift; sourceTree = "<group>"; };
		E1C30F5E2B31DAEB00274192 /* RemoteImage.swift */ = {isa = PBXFileReference; lastKnownFileType = sourcecode.swift; path = RemoteImage.swift; sourceTree = "<group>"; };
		E1C30F602B31DF9900274192 /* ImageLoaderViewModel.swift */ = {isa = PBXFileReference; lastKnownFileType = sourcecode.swift; path = ImageLoaderViewModel.swift; sourceTree = "<group>"; };
		E1D62DE62B505CF5000E9824 /* AppetizersTests.xctest */ = {isa = PBXFileReference; explicitFileType = wrapper.cfbundle; includeInIndex = 0; path = AppetizersTests.xctest; sourceTree = BUILT_PRODUCTS_DIR; };
		E1D62DF32B505D0C000E9824 /* AppetizersUITests.xctest */ = {isa = PBXFileReference; explicitFileType = wrapper.cfbundle; includeInIndex = 0; path = AppetizersUITests.xctest; sourceTree = BUILT_PRODUCTS_DIR; };
		E1D62DF52B505D0C000E9824 /* AppetizersUITests.swift */ = {isa = PBXFileReference; lastKnownFileType = sourcecode.swift; path = AppetizersUITests.swift; sourceTree = "<group>"; };
		E1D62DF72B505D0C000E9824 /* AppetizersUITestsLaunchTests.swift */ = {isa = PBXFileReference; lastKnownFileType = sourcecode.swift; path = AppetizersUITestsLaunchTests.swift; sourceTree = "<group>"; };
		E1D62E032B505E01000E9824 /* OrderTest.swift */ = {isa = PBXFileReference; lastKnownFileType = sourcecode.swift; path = OrderTest.swift; sourceTree = "<group>"; };
		E1D62E062B506BCA000E9824 /* NetworkClientProtocol.swift */ = {isa = PBXFileReference; lastKnownFileType = sourcecode.swift; path = NetworkClientProtocol.swift; sourceTree = "<group>"; };
		E1D62E0A2B50778E000E9824 /* StorageProtocolImplTest.swift */ = {isa = PBXFileReference; lastKnownFileType = sourcecode.swift; path = StorageProtocolImplTest.swift; sourceTree = "<group>"; };
		E1DBE92D2B61822B00E46417 /* AsianFlankSteak.jpg */ = {isa = PBXFileReference; lastKnownFileType = image.jpeg; name = AsianFlankSteak.jpg; path = ../../../../../../Desktop/AsianFlankSteak.jpg; sourceTree = "<group>"; };
/* End PBXFileReference section */

/* Begin PBXFrameworksBuildPhase section */
		E1C30F212B307CD900274192 /* Frameworks */ = {
			isa = PBXFrameworksBuildPhase;
			buildActionMask = 2147483647;
			files = (
			);
			runOnlyForDeploymentPostprocessing = 0;
		};
		E1D62DE32B505CF5000E9824 /* Frameworks */ = {
			isa = PBXFrameworksBuildPhase;
			buildActionMask = 2147483647;
			files = (
			);
			runOnlyForDeploymentPostprocessing = 0;
		};
		E1D62DF02B505D0C000E9824 /* Frameworks */ = {
			isa = PBXFrameworksBuildPhase;
			buildActionMask = 2147483647;
			files = (
			);
			runOnlyForDeploymentPostprocessing = 0;
		};
/* End PBXFrameworksBuildPhase section */

/* Begin PBXGroup section */
		E13EA8AA2B59A2D100DE4054 /* mocks */ = {
			isa = PBXGroup;
			children = (
				E1977A942B603C6A0013AB57 /* files */,
				E13EA8A82B599E6700DE4054 /* StaticLoader.swift */,
			);
			path = mocks;
			sourceTree = "<group>";
		};
		E1977A8C2B5EDB0F0013AB57 /* mocks */ = {
			isa = PBXGroup;
			children = (
				E1977A8A2B5ED97F0013AB57 /* MockURLSession.swift */,
			);
			path = mocks;
			sourceTree = "<group>";
		};
		E1977A942B603C6A0013AB57 /* files */ = {
			isa = PBXGroup;
			children = (
				E1DBE92D2B61822B00E46417 /* AsianFlankSteak.jpg */,
				E13EA8A42B595CC700DE4054 /* MockNetworkResponse.json */,
			);
			path = files;
			sourceTree = "<group>";
		};
		E1992E8F2B32176B006B9F1F /* detail_components */ = {
			isa = PBXGroup;
			children = (
				E1992E902B32198A006B9F1F /* AppetizerDetailsTextView.swift */,
				E1992E922B321A6E006B9F1F /* NutritionInfoView.swift */,
				E1992E962B321F46006B9F1F /* ExitButton.swift */,
			);
			path = detail_components;
			sourceTree = "<group>";
		};
		E1992E9E2B332155006B9F1F /* utils */ = {
			isa = PBXGroup;
			children = (
				E1992EC02B348FE7006B9F1F /* enums */,
				E1C30F552B31C31900274192 /* alert */,
				E1992EBD2B348F95006B9F1F /* extensions */,
			);
			path = utils;
			sourceTree = "<group>";
		};
		E1992EA42B332CA0006B9F1F /* storage */ = {
			isa = PBXGroup;
			children = (
				E1992EA12B332C81006B9F1F /* User.swift */,
				E1992EA72B332FEE006B9F1F /* protocol */,
			);
			path = storage;
			sourceTree = "<group>";
		};
		E1992EA72B332FEE006B9F1F /* protocol */ = {
			isa = PBXGroup;
			children = (
				E164CA452B53011D0098718A /* MockStorageProtocolImpl.swift */,
				E1992EA52B332FA4006B9F1F /* StorageProtocol.swift */,
				E1992EA82B332FF9006B9F1F /* StorageProtocolImpl.swift */,
			);
			path = protocol;
			sourceTree = "<group>";
		};
		E1992EB02B3469DF006B9F1F /* Text */ = {
			isa = PBXGroup;
			children = (
				E1992E942B321DCE006B9F1F /* OrderButtonText.swift */,
			);
			path = Text;
			sourceTree = "<group>";
		};
		E1992EB92B347674006B9F1F /* environment */ = {
			isa = PBXGroup;
			children = (
				E1992EB72B34751D006B9F1F /* Order.swift */,
			);
			path = environment;
			sourceTree = "<group>";
		};
		E1992EBA2B348D3A006B9F1F /* modifiers */ = {
			isa = PBXGroup;
			children = (
				E1992EBB2B348D51006B9F1F /* ButtonModifiers.swift */,
				E1992EC32B3490EA006B9F1F /* TextFieldModifiers.swift */,
			);
			path = modifiers;
			sourceTree = "<group>";
		};
		E1992EBD2B348F95006B9F1F /* extensions */ = {
			isa = PBXGroup;
			children = (
				E1992E9F2B332177006B9F1F /* String+Ext.swift */,
				E10314432B487913007697FF /* Date+Ext.swift */,
			);
			path = extensions;
			sourceTree = "<group>";
		};
		E1992EC02B348FE7006B9F1F /* enums */ = {
			isa = PBXGroup;
			children = (
				E1992EBE2B348FAA006B9F1F /* FocusTextField.swift */,
				E1C30F4F2B31B07F00274192 /* AppetizerError.swift */,
				E1992EAA2B333324006B9F1F /* UserError.swift */,
				E1992EC12B349009006B9F1F /* NutritionCategory.swift */,
			);
			path = enums;
			sourceTree = "<group>";
		};
		E1C30F1B2B307CD900274192 = {
			isa = PBXGroup;
			children = (
				E1C30F262B307CD900274192 /* Appetizers */,
				E1D62DE72B505CF5000E9824 /* AppetizersTests */,
				E1D62DF42B505D0C000E9824 /* AppetizersUITests */,
				E1C30F252B307CD900274192 /* Products */,
			);
			sourceTree = "<group>";
		};
		E1C30F252B307CD900274192 /* Products */ = {
			isa = PBXGroup;
			children = (
				E1C30F242B307CD900274192 /* Appetizers.app */,
				E1D62DE62B505CF5000E9824 /* AppetizersTests.xctest */,
				E1D62DF32B505D0C000E9824 /* AppetizersUITests.xctest */,
			);
			name = Products;
			sourceTree = "<group>";
		};
		E1C30F262B307CD900274192 /* Appetizers */ = {
			isa = PBXGroup;
			children = (
				E1C30F352B307FCF00274192 /* model */,
				E1C30F362B307FD800274192 /* view */,
				E1C30F372B307FDF00274192 /* viewmodel */,
				E1C30F272B307CD900274192 /* AppetizersApp.swift */,
				E1C30F2B2B307CDB00274192 /* Assets.xcassets */,
				E1C30F2D2B307CDB00274192 /* Preview Content */,
			);
			path = Appetizers;
			sourceTree = "<group>";
		};
		E1C30F2D2B307CDB00274192 /* Preview Content */ = {
			isa = PBXGroup;
			children = (
				E1C30F2E2B307CDB00274192 /* Preview Assets.xcassets */,
			);
			path = "Preview Content";
			sourceTree = "<group>";
		};
		E1C30F352B307FCF00274192 /* model */ = {
			isa = PBXGroup;
			children = (
				E1992EB92B347674006B9F1F /* environment */,
				E1C30F402B31A31D00274192 /* network */,
				E1992EA42B332CA0006B9F1F /* storage */,
				E1992E9E2B332155006B9F1F /* utils */,
			);
			path = model;
			sourceTree = "<group>";
		};
		E1C30F362B307FD800274192 /* view */ = {
			isa = PBXGroup;
			children = (
				E1992EBA2B348D3A006B9F1F /* modifiers */,
				E1C30F562B31C7FD00274192 /* ui_kit_components */,
				E1C30F4A2B31AEAD00274192 /* tab */,
				E1C30F3F2B30851700274192 /* components */,
				E1C30F382B307FF700274192 /* screens */,
			);
			path = view;
			sourceTree = "<group>";
		};
		E1C30F372B307FDF00274192 /* viewmodel */ = {
			isa = PBXGroup;
			children = (
				E1C30F512B31C09A00274192 /* AppetizerListViewModel.swift */,
				E1C30F602B31DF9900274192 /* ImageLoaderViewModel.swift */,
				E1992E9A2B331B69006B9F1F /* AccountViewModel.swift */,
			);
			path = viewmodel;
			sourceTree = "<group>";
		};
		E1C30F382B307FF700274192 /* screens */ = {
			isa = PBXGroup;
			children = (
				E1C30F392B30800B00274192 /* AppetizerListView.swift */,
				E1C30F3B2B30801600274192 /* AccountView.swift */,
				E1C30F3D2B30802300274192 /* OrderView.swift */,
				E1992E8C2B3215A2006B9F1F /* DetailView.swift */,
			);
			path = screens;
			sourceTree = "<group>";
		};
		E1C30F3F2B30851700274192 /* components */ = {
			isa = PBXGroup;
			children = (
				E1992EB02B3469DF006B9F1F /* Text */,
				E1992E8F2B32176B006B9F1F /* detail_components */,
				E1C30F492B31AE5000274192 /* order_components */,
				E1C30F482B31AE4700274192 /* account_components */,
				E1C30F472B31AE1F00274192 /* appetizer_list_components */,
			);
			path = components;
			sourceTree = "<group>";
		};
		E1C30F402B31A31D00274192 /* network */ = {
			isa = PBXGroup;
			children = (
				E1C30F412B31A32F00274192 /* Appetizer.swift */,
				E1C30F4B2B31AF4100274192 /* NetworkClientImpl.swift */,
				E1D62E062B506BCA000E9824 /* NetworkClientProtocol.swift */,
			);
			path = network;
			sourceTree = "<group>";
		};
		E1C30F472B31AE1F00274192 /* appetizer_list_components */ = {
			isa = PBXGroup;
			children = (
				E1C30F5E2B31DAEB00274192 /* RemoteImage.swift */,
				E1C30F432B31A93A00274192 /* AppetizerCell.swift */,
			);
			name = appetizer_list_components;
			sourceTree = "<group>";
		};
		E1C30F482B31AE4700274192 /* account_components */ = {
			isa = PBXGroup;
			children = (
				E1992E982B331A53006B9F1F /* PersonalInfoSection.swift */,
				E1992E9C2B331C16006B9F1F /* ToggleSection.swift */,
			);
			path = account_components;
			sourceTree = "<group>";
		};
		E1C30F492B31AE5000274192 /* order_components */ = {
			isa = PBXGroup;
			children = (
				E1992EB32B347091006B9F1F /* EmptyOrderView.swift */,
				E1992EB52B34723D006B9F1F /* AppetizersOrderView.swift */,
			);
			name = order_components;
			sourceTree = "<group>";
		};
		E1C30F4A2B31AEAD00274192 /* tab */ = {
			isa = PBXGroup;
			children = (
				E1C30F292B307CD900274192 /* AppetizerTabView.swift */,
			);
			name = tab;
			sourceTree = "<group>";
		};
		E1C30F552B31C31900274192 /* alert */ = {
			isa = PBXGroup;
			children = (
				E1C30F532B31C2CE00274192 /* AlertItem.swift */,
				E1992EAC2B333467006B9F1F /* ErrorAlertItem.swift */,
				E1992EAE2B33348C006B9F1F /* UserAlertItem.swift */,
			);
			path = alert;
			sourceTree = "<group>";
		};
		E1C30F562B31C7FD00274192 /* ui_kit_components */ = {
			isa = PBXGroup;
			children = (
				E1C30F572B31C82500274192 /* LoadingView.swift */,
			);
			path = ui_kit_components;
			sourceTree = "<group>";
		};
		E1D62DE72B505CF5000E9824 /* AppetizersTests */ = {
			isa = PBXGroup;
			children = (
				E13EA8AA2B59A2D100DE4054 /* mocks */,
				E1D62DFE2B505D3A000E9824 /* model */,
				E1D62E052B505F84000E9824 /* viewmodel */,
			);
			path = AppetizersTests;
			sourceTree = "<group>";
		};
		E1D62DF42B505D0C000E9824 /* AppetizersUITests */ = {
			isa = PBXGroup;
			children = (
				E1D62DF52B505D0C000E9824 /* AppetizersUITests.swift */,
				E1D62DF72B505D0C000E9824 /* AppetizersUITestsLaunchTests.swift */,
			);
			path = AppetizersUITests;
			sourceTree = "<group>";
		};
		E1D62DFE2B505D3A000E9824 /* model */ = {
			isa = PBXGroup;
			children = (
				E1D62E022B505D87000E9824 /* environment */,
				E1977A8C2B5EDB0F0013AB57 /* mocks */,
				E1D62E002B505D72000E9824 /* network */,
				E1D62E012B505D80000E9824 /* storage */,
			);
			path = model;
			sourceTree = "<group>";
		};
		E1D62E002B505D72000E9824 /* network */ = {
			isa = PBXGroup;
			children = (
				E128C1152B55A11C0039474C /* NetworkClientTest.swift */,
			);
			path = network;
			sourceTree = "<group>";
		};
		E1D62E012B505D80000E9824 /* storage */ = {
			isa = PBXGroup;
			children = (
				E1D62E0A2B50778E000E9824 /* StorageProtocolImplTest.swift */,
			);
			path = storage;
			sourceTree = "<group>";
		};
		E1D62E022B505D87000E9824 /* environment */ = {
			isa = PBXGroup;
			children = (
				E1D62E032B505E01000E9824 /* OrderTest.swift */,
			);
			path = environment;
			sourceTree = "<group>";
		};
		E1D62E052B505F84000E9824 /* viewmodel */ = {
			isa = PBXGroup;
			children = (
				E164CA432B52ECF00098718A /* AccountViewModelTest.swift */,
				E164CA412B52EC930098718A /* AppetizerListViewModelTest.swift */,
			);
			path = viewmodel;
			sourceTree = "<group>";
		};
/* End PBXGroup section */

/* Begin PBXNativeTarget section */
		E1C30F232B307CD900274192 /* Appetizers */ = {
			isa = PBXNativeTarget;
			buildConfigurationList = E1C30F322B307CDB00274192 /* Build configuration list for PBXNativeTarget "Appetizers" */;
			buildPhases = (
				E1C30F202B307CD900274192 /* Sources */,
				E1C30F212B307CD900274192 /* Frameworks */,
				E1C30F222B307CD900274192 /* Resources */,
			);
			buildRules = (
			);
			dependencies = (
			);
			name = Appetizers;
			productName = Appetizers;
			productReference = E1C30F242B307CD900274192 /* Appetizers.app */;
			productType = "com.apple.product-type.application";
		};
		E1D62DE52B505CF5000E9824 /* AppetizersTests */ = {
			isa = PBXNativeTarget;
			buildConfigurationList = E1D62DEC2B505CF5000E9824 /* Build configuration list for PBXNativeTarget "AppetizersTests" */;
			buildPhases = (
				E1D62DE22B505CF5000E9824 /* Sources */,
				E1D62DE32B505CF5000E9824 /* Frameworks */,
				E1D62DE42B505CF5000E9824 /* Resources */,
			);
			buildRules = (
			);
			dependencies = (
				E1D62DEB2B505CF5000E9824 /* PBXTargetDependency */,
			);
			name = AppetizersTests;
			productName = AppetizersTests;
			productReference = E1D62DE62B505CF5000E9824 /* AppetizersTests.xctest */;
			productType = "com.apple.product-type.bundle.unit-test";
		};
		E1D62DF22B505D0C000E9824 /* AppetizersUITests */ = {
			isa = PBXNativeTarget;
			buildConfigurationList = E1D62DFB2B505D0C000E9824 /* Build configuration list for PBXNativeTarget "AppetizersUITests" */;
			buildPhases = (
				E1D62DEF2B505D0C000E9824 /* Sources */,
				E1D62DF02B505D0C000E9824 /* Frameworks */,
				E1D62DF12B505D0C000E9824 /* Resources */,
			);
			buildRules = (
			);
			dependencies = (
				E1D62DFA2B505D0C000E9824 /* PBXTargetDependency */,
			);
			name = AppetizersUITests;
			productName = AppetizersUITests;
			productReference = E1D62DF32B505D0C000E9824 /* AppetizersUITests.xctest */;
			productType = "com.apple.product-type.bundle.ui-testing";
		};
/* End PBXNativeTarget section */

/* Begin PBXProject section */
		E1C30F1C2B307CD900274192 /* Project object */ = {
			isa = PBXProject;
			attributes = {
				BuildIndependentTargetsInParallel = 1;
				LastSwiftUpdateCheck = 1520;
				LastUpgradeCheck = 1500;
				TargetAttributes = {
					E1C30F232B307CD900274192 = {
						CreatedOnToolsVersion = 15.0.1;
					};
					E1D62DE52B505CF5000E9824 = {
						CreatedOnToolsVersion = 15.2;
						LastSwiftMigration = 1520;
						TestTargetID = E1C30F232B307CD900274192;
					};
					E1D62DF22B505D0C000E9824 = {
						CreatedOnToolsVersion = 15.2;
						TestTargetID = E1C30F232B307CD900274192;
					};
				};
			};
			buildConfigurationList = E1C30F1F2B307CD900274192 /* Build configuration list for PBXProject "Appetizers" */;
			compatibilityVersion = "Xcode 14.0";
			developmentRegion = en;
			hasScannedForEncodings = 0;
			knownRegions = (
				en,
				Base,
			);
			mainGroup = E1C30F1B2B307CD900274192;
			productRefGroup = E1C30F252B307CD900274192 /* Products */;
			projectDirPath = "";
			projectRoot = "";
			targets = (
				E1C30F232B307CD900274192 /* Appetizers */,
				E1D62DE52B505CF5000E9824 /* AppetizersTests */,
				E1D62DF22B505D0C000E9824 /* AppetizersUITests */,
			);
		};
/* End PBXProject section */

/* Begin PBXResourcesBuildPhase section */
		E1C30F222B307CD900274192 /* Resources */ = {
			isa = PBXResourcesBuildPhase;
			buildActionMask = 2147483647;
			files = (
				E1DBE92F2B61825E00E46417 /* AsianFlankSteak.jpg in Resources */,
				E1977A8F2B5EE5410013AB57 /* MockNetworkResponse.json in Resources */,
				E1C30F2F2B307CDB00274192 /* Preview Assets.xcassets in Resources */,
				E1C30F2C2B307CDB00274192 /* Assets.xcassets in Resources */,
			);
			runOnlyForDeploymentPostprocessing = 0;
		};
		E1D62DE42B505CF5000E9824 /* Resources */ = {
			isa = PBXResourcesBuildPhase;
			buildActionMask = 2147483647;
			files = (
				E1DBE92E2B61822B00E46417 /* AsianFlankSteak.jpg in Resources */,
				E1977A8E2B5EE4D40013AB57 /* MockNetworkResponse.json in Resources */,
			);
			runOnlyForDeploymentPostprocessing = 0;
		};
		E1D62DF12B505D0C000E9824 /* Resources */ = {
			isa = PBXResourcesBuildPhase;
			buildActionMask = 2147483647;
			files = (
			);
			runOnlyForDeploymentPostprocessing = 0;
		};
/* End PBXResourcesBuildPhase section */

/* Begin PBXSourcesBuildPhase section */
		E1C30F202B307CD900274192 /* Sources */ = {
			isa = PBXSourcesBuildPhase;
			buildActionMask = 2147483647;
			files = (
				E1C30F422B31A32F00274192 /* Appetizer.swift in Sources */,
				E1992E9B2B331B69006B9F1F /* AccountViewModel.swift in Sources */,
				E1C30F612B31DF9900274192 /* ImageLoaderViewModel.swift in Sources */,
				E1C30F3C2B30801600274192 /* AccountView.swift in Sources */,
				E1992E912B32198A006B9F1F /* AppetizerDetailsTextView.swift in Sources */,
				E1C30F2A2B307CD900274192 /* AppetizerTabView.swift in Sources */,
				E1D62E072B506BCA000E9824 /* NetworkClientProtocol.swift in Sources */,
				E1992EC42B3490EA006B9F1F /* TextFieldModifiers.swift in Sources */,
				E1992EA62B332FA4006B9F1F /* StorageProtocol.swift in Sources */,
				E1992E952B321DCF006B9F1F /* OrderButtonText.swift in Sources */,
				E1992EA02B332178006B9F1F /* String+Ext.swift in Sources */,
				E1992EBF2B348FAA006B9F1F /* FocusTextField.swift in Sources */,
				E1992EBC2B348D51006B9F1F /* ButtonModifiers.swift in Sources */,
				E1992EAF2B33348C006B9F1F /* UserAlertItem.swift in Sources */,
				E1992E932B321A6E006B9F1F /* NutritionInfoView.swift in Sources */,
				E1C30F522B31C09A00274192 /* AppetizerListViewModel.swift in Sources */,
				E1992E8D2B3215A2006B9F1F /* DetailView.swift in Sources */,
				E1C30F282B307CD900274192 /* AppetizersApp.swift in Sources */,
				E1992EA92B332FF9006B9F1F /* StorageProtocolImpl.swift in Sources */,
				E1992EB82B34751D006B9F1F /* Order.swift in Sources */,
				E1992EAB2B333324006B9F1F /* UserError.swift in Sources */,
				E1C30F582B31C82500274192 /* LoadingView.swift in Sources */,
				E1992EB42B347091006B9F1F /* EmptyOrderView.swift in Sources */,
				E1992EB62B34723D006B9F1F /* AppetizersOrderView.swift in Sources */,
				E1C30F5F2B31DAEB00274192 /* RemoteImage.swift in Sources */,
				E1992E9D2B331C16006B9F1F /* ToggleSection.swift in Sources */,
				E1992E972B321F46006B9F1F /* ExitButton.swift in Sources */,
				E1992E992B331A53006B9F1F /* PersonalInfoSection.swift in Sources */,
				E1992EAD2B333467006B9F1F /* ErrorAlertItem.swift in Sources */,
				E1C30F4C2B31AF4100274192 /* NetworkClientImpl.swift in Sources */,
				E1C30F442B31A93A00274192 /* AppetizerCell.swift in Sources */,
				E10314442B487913007697FF /* Date+Ext.swift in Sources */,
				E1C30F542B31C2CE00274192 /* AlertItem.swift in Sources */,
				E1992EC22B349009006B9F1F /* NutritionCategory.swift in Sources */,
				E164CA4A2B5301AB0098718A /* MockStorageProtocolImpl.swift in Sources */,
				E1992EA22B332C81006B9F1F /* User.swift in Sources */,
				E1C30F502B31B07F00274192 /* AppetizerError.swift in Sources */,
				E1C30F3A2B30800B00274192 /* AppetizerListView.swift in Sources */,
				E1C30F3E2B30802300274192 /* OrderView.swift in Sources */,
			);
			runOnlyForDeploymentPostprocessing = 0;
		};
		E1D62DE22B505CF5000E9824 /* Sources */ = {
			isa = PBXSourcesBuildPhase;
			buildActionMask = 2147483647;
			files = (
				E128C1162B55A11C0039474C /* NetworkClientTest.swift in Sources */,
				E1D62E042B505E01000E9824 /* OrderTest.swift in Sources */,
				E1D62E0B2B50778E000E9824 /* StorageProtocolImplTest.swift in Sources */,
				E164CA442B52ECF00098718A /* AccountViewModelTest.swift in Sources */,
				E1977A8B2B5ED97F0013AB57 /* MockURLSession.swift in Sources */,
				E13EA8A92B599E6700DE4054 /* StaticLoader.swift in Sources */,
				E164CA422B52EC930098718A /* AppetizerListViewModelTest.swift in Sources */,
			);
			runOnlyForDeploymentPostprocessing = 0;
		};
		E1D62DEF2B505D0C000E9824 /* Sources */ = {
			isa = PBXSourcesBuildPhase;
			buildActionMask = 2147483647;
			files = (
				E1D62DF62B505D0C000E9824 /* AppetizersUITests.swift in Sources */,
				E1D62DF82B505D0C000E9824 /* AppetizersUITestsLaunchTests.swift in Sources */,
			);
			runOnlyForDeploymentPostprocessing = 0;
		};
/* End PBXSourcesBuildPhase section */

/* Begin PBXTargetDependency section */
		E1D62DEB2B505CF5000E9824 /* PBXTargetDependency */ = {
			isa = PBXTargetDependency;
			target = E1C30F232B307CD900274192 /* Appetizers */;
			targetProxy = E1D62DEA2B505CF5000E9824 /* PBXContainerItemProxy */;
		};
		E1D62DFA2B505D0C000E9824 /* PBXTargetDependency */ = {
			isa = PBXTargetDependency;
			target = E1C30F232B307CD900274192 /* Appetizers */;
			targetProxy = E1D62DF92B505D0C000E9824 /* PBXContainerItemProxy */;
		};
/* End PBXTargetDependency section */

/* Begin XCBuildConfiguration section */
		E1C30F302B307CDB00274192 /* Debug */ = {
			isa = XCBuildConfiguration;
			buildSettings = {
				ALWAYS_SEARCH_USER_PATHS = NO;
				ASSETCATALOG_COMPILER_GENERATE_SWIFT_ASSET_SYMBOL_EXTENSIONS = YES;
				CLANG_ANALYZER_NONNULL = YES;
				CLANG_ANALYZER_NUMBER_OBJECT_CONVERSION = YES_AGGRESSIVE;
				CLANG_CXX_LANGUAGE_STANDARD = "gnu++20";
				CLANG_ENABLE_MODULES = YES;
				CLANG_ENABLE_OBJC_ARC = YES;
				CLANG_ENABLE_OBJC_WEAK = YES;
				CLANG_WARN_BLOCK_CAPTURE_AUTORELEASING = YES;
				CLANG_WARN_BOOL_CONVERSION = YES;
				CLANG_WARN_COMMA = YES;
				CLANG_WARN_CONSTANT_CONVERSION = YES;
				CLANG_WARN_DEPRECATED_OBJC_IMPLEMENTATIONS = YES;
				CLANG_WARN_DIRECT_OBJC_ISA_USAGE = YES_ERROR;
				CLANG_WARN_DOCUMENTATION_COMMENTS = YES;
				CLANG_WARN_EMPTY_BODY = YES;
				CLANG_WARN_ENUM_CONVERSION = YES;
				CLANG_WARN_INFINITE_RECURSION = YES;
				CLANG_WARN_INT_CONVERSION = YES;
				CLANG_WARN_NON_LITERAL_NULL_CONVERSION = YES;
				CLANG_WARN_OBJC_IMPLICIT_RETAIN_SELF = YES;
				CLANG_WARN_OBJC_LITERAL_CONVERSION = YES;
				CLANG_WARN_OBJC_ROOT_CLASS = YES_ERROR;
				CLANG_WARN_QUOTED_INCLUDE_IN_FRAMEWORK_HEADER = YES;
				CLANG_WARN_RANGE_LOOP_ANALYSIS = YES;
				CLANG_WARN_STRICT_PROTOTYPES = YES;
				CLANG_WARN_SUSPICIOUS_MOVE = YES;
				CLANG_WARN_UNGUARDED_AVAILABILITY = YES_AGGRESSIVE;
				CLANG_WARN_UNREACHABLE_CODE = YES;
				CLANG_WARN__DUPLICATE_METHOD_MATCH = YES;
				COPY_PHASE_STRIP = NO;
				DEBUG_INFORMATION_FORMAT = dwarf;
				ENABLE_STRICT_OBJC_MSGSEND = YES;
				ENABLE_TESTABILITY = YES;
				ENABLE_USER_SCRIPT_SANDBOXING = YES;
				GCC_C_LANGUAGE_STANDARD = gnu17;
				GCC_DYNAMIC_NO_PIC = NO;
				GCC_NO_COMMON_BLOCKS = YES;
				GCC_OPTIMIZATION_LEVEL = 0;
				GCC_PREPROCESSOR_DEFINITIONS = (
					"DEBUG=1",
					"$(inherited)",
				);
				GCC_WARN_64_TO_32_BIT_CONVERSION = YES;
				GCC_WARN_ABOUT_RETURN_TYPE = YES_ERROR;
				GCC_WARN_UNDECLARED_SELECTOR = YES;
				GCC_WARN_UNINITIALIZED_AUTOS = YES_AGGRESSIVE;
				GCC_WARN_UNUSED_FUNCTION = YES;
				GCC_WARN_UNUSED_VARIABLE = YES;
				IPHONEOS_DEPLOYMENT_TARGET = 17.0;
				LOCALIZATION_PREFERS_STRING_CATALOGS = YES;
				MTL_ENABLE_DEBUG_INFO = INCLUDE_SOURCE;
				MTL_FAST_MATH = YES;
				ONLY_ACTIVE_ARCH = YES;
				SDKROOT = iphoneos;
				SWIFT_ACTIVE_COMPILATION_CONDITIONS = "DEBUG $(inherited)";
				SWIFT_OPTIMIZATION_LEVEL = "-Onone";
			};
			name = Debug;
		};
		E1C30F312B307CDB00274192 /* Release */ = {
			isa = XCBuildConfiguration;
			buildSettings = {
				ALWAYS_SEARCH_USER_PATHS = NO;
				ASSETCATALOG_COMPILER_GENERATE_SWIFT_ASSET_SYMBOL_EXTENSIONS = YES;
				CLANG_ANALYZER_NONNULL = YES;
				CLANG_ANALYZER_NUMBER_OBJECT_CONVERSION = YES_AGGRESSIVE;
				CLANG_CXX_LANGUAGE_STANDARD = "gnu++20";
				CLANG_ENABLE_MODULES = YES;
				CLANG_ENABLE_OBJC_ARC = YES;
				CLANG_ENABLE_OBJC_WEAK = YES;
				CLANG_WARN_BLOCK_CAPTURE_AUTORELEASING = YES;
				CLANG_WARN_BOOL_CONVERSION = YES;
				CLANG_WARN_COMMA = YES;
				CLANG_WARN_CONSTANT_CONVERSION = YES;
				CLANG_WARN_DEPRECATED_OBJC_IMPLEMENTATIONS = YES;
				CLANG_WARN_DIRECT_OBJC_ISA_USAGE = YES_ERROR;
				CLANG_WARN_DOCUMENTATION_COMMENTS = YES;
				CLANG_WARN_EMPTY_BODY = YES;
				CLANG_WARN_ENUM_CONVERSION = YES;
				CLANG_WARN_INFINITE_RECURSION = YES;
				CLANG_WARN_INT_CONVERSION = YES;
				CLANG_WARN_NON_LITERAL_NULL_CONVERSION = YES;
				CLANG_WARN_OBJC_IMPLICIT_RETAIN_SELF = YES;
				CLANG_WARN_OBJC_LITERAL_CONVERSION = YES;
				CLANG_WARN_OBJC_ROOT_CLASS = YES_ERROR;
				CLANG_WARN_QUOTED_INCLUDE_IN_FRAMEWORK_HEADER = YES;
				CLANG_WARN_RANGE_LOOP_ANALYSIS = YES;
				CLANG_WARN_STRICT_PROTOTYPES = YES;
				CLANG_WARN_SUSPICIOUS_MOVE = YES;
				CLANG_WARN_UNGUARDED_AVAILABILITY = YES_AGGRESSIVE;
				CLANG_WARN_UNREACHABLE_CODE = YES;
				CLANG_WARN__DUPLICATE_METHOD_MATCH = YES;
				COPY_PHASE_STRIP = NO;
				DEBUG_INFORMATION_FORMAT = "dwarf-with-dsym";
				ENABLE_NS_ASSERTIONS = NO;
				ENABLE_STRICT_OBJC_MSGSEND = YES;
				ENABLE_USER_SCRIPT_SANDBOXING = YES;
				GCC_C_LANGUAGE_STANDARD = gnu17;
				GCC_NO_COMMON_BLOCKS = YES;
				GCC_WARN_64_TO_32_BIT_CONVERSION = YES;
				GCC_WARN_ABOUT_RETURN_TYPE = YES_ERROR;
				GCC_WARN_UNDECLARED_SELECTOR = YES;
				GCC_WARN_UNINITIALIZED_AUTOS = YES_AGGRESSIVE;
				GCC_WARN_UNUSED_FUNCTION = YES;
				GCC_WARN_UNUSED_VARIABLE = YES;
				IPHONEOS_DEPLOYMENT_TARGET = 17.0;
				LOCALIZATION_PREFERS_STRING_CATALOGS = YES;
				MTL_ENABLE_DEBUG_INFO = NO;
				MTL_FAST_MATH = YES;
				SDKROOT = iphoneos;
				SWIFT_COMPILATION_MODE = wholemodule;
				VALIDATE_PRODUCT = YES;
			};
			name = Release;
		};
		E1C30F332B307CDB00274192 /* Debug */ = {
			isa = XCBuildConfiguration;
			buildSettings = {
				ASSETCATALOG_COMPILER_APPICON_NAME = AppIcon;
				ASSETCATALOG_COMPILER_GLOBAL_ACCENT_COLOR_NAME = AccentColor;
				CODE_SIGN_STYLE = Automatic;
				CURRENT_PROJECT_VERSION = 1;
				DEVELOPMENT_ASSET_PATHS = "\"Appetizers/Preview Content\"";
				DEVELOPMENT_TEAM = 5MW8948NCL;
				ENABLE_PREVIEWS = YES;
				GENERATE_INFOPLIST_FILE = YES;
				INFOPLIST_KEY_UIApplicationSceneManifest_Generation = YES;
				INFOPLIST_KEY_UIApplicationSupportsIndirectInputEvents = YES;
				INFOPLIST_KEY_UILaunchScreen_Generation = YES;
				INFOPLIST_KEY_UISupportedInterfaceOrientations_iPad = "UIInterfaceOrientationPortrait UIInterfaceOrientationPortraitUpsideDown UIInterfaceOrientationLandscapeLeft UIInterfaceOrientationLandscapeRight";
				INFOPLIST_KEY_UISupportedInterfaceOrientations_iPhone = "UIInterfaceOrientationPortrait UIInterfaceOrientationLandscapeLeft UIInterfaceOrientationLandscapeRight";
				LD_RUNPATH_SEARCH_PATHS = (
					"$(inherited)",
					"@executable_path/Frameworks",
				);
				MARKETING_VERSION = 1.0;
				PRODUCT_BUNDLE_IDENTIFIER = com.tharin.Appetizers;
				PRODUCT_NAME = "$(TARGET_NAME)";
				SWIFT_EMIT_LOC_STRINGS = YES;
				SWIFT_VERSION = 5.0;
				TARGETED_DEVICE_FAMILY = "1,2";
			};
			name = Debug;
		};
		E1C30F342B307CDB00274192 /* Release */ = {
			isa = XCBuildConfiguration;
			buildSettings = {
				ASSETCATALOG_COMPILER_APPICON_NAME = AppIcon;
				ASSETCATALOG_COMPILER_GLOBAL_ACCENT_COLOR_NAME = AccentColor;
				CODE_SIGN_STYLE = Automatic;
				CURRENT_PROJECT_VERSION = 1;
				DEVELOPMENT_ASSET_PATHS = "\"Appetizers/Preview Content\"";
				DEVELOPMENT_TEAM = 5MW8948NCL;
				ENABLE_PREVIEWS = YES;
				GENERATE_INFOPLIST_FILE = YES;
				INFOPLIST_KEY_UIApplicationSceneManifest_Generation = YES;
				INFOPLIST_KEY_UIApplicationSupportsIndirectInputEvents = YES;
				INFOPLIST_KEY_UILaunchScreen_Generation = YES;
				INFOPLIST_KEY_UISupportedInterfaceOrientations_iPad = "UIInterfaceOrientationPortrait UIInterfaceOrientationPortraitUpsideDown UIInterfaceOrientationLandscapeLeft UIInterfaceOrientationLandscapeRight";
				INFOPLIST_KEY_UISupportedInterfaceOrientations_iPhone = "UIInterfaceOrientationPortrait UIInterfaceOrientationLandscapeLeft UIInterfaceOrientationLandscapeRight";
				LD_RUNPATH_SEARCH_PATHS = (
					"$(inherited)",
					"@executable_path/Frameworks",
				);
				MARKETING_VERSION = 1.0;
				PRODUCT_BUNDLE_IDENTIFIER = com.tharin.Appetizers;
				PRODUCT_NAME = "$(TARGET_NAME)";
				SWIFT_EMIT_LOC_STRINGS = YES;
				SWIFT_VERSION = 5.0;
				TARGETED_DEVICE_FAMILY = "1,2";
			};
			name = Release;
		};
		E1D62DED2B505CF5000E9824 /* Debug */ = {
			isa = XCBuildConfiguration;
			buildSettings = {
				BUNDLE_LOADER = "$(TEST_HOST)";
				CLANG_ENABLE_MODULES = YES;
				CODE_SIGN_STYLE = Automatic;
				CURRENT_PROJECT_VERSION = 1;
				DEVELOPMENT_TEAM = 5MW8948NCL;
				GENERATE_INFOPLIST_FILE = YES;
				IPHONEOS_DEPLOYMENT_TARGET = 17.2;
				MARKETING_VERSION = 1.0;
				PRODUCT_BUNDLE_IDENTIFIER = com.tharin.AppetizersTests;
				PRODUCT_NAME = "$(TARGET_NAME)";
				SWIFT_EMIT_LOC_STRINGS = NO;
				SWIFT_OPTIMIZATION_LEVEL = "-Onone";
				SWIFT_VERSION = 5.0;
				TARGETED_DEVICE_FAMILY = "1,2";
				TEST_HOST = "$(BUILT_PRODUCTS_DIR)/Appetizers.app/$(BUNDLE_EXECUTABLE_FOLDER_PATH)/Appetizers";
			};
			name = Debug;
		};
		E1D62DEE2B505CF5000E9824 /* Release */ = {
			isa = XCBuildConfiguration;
			buildSettings = {
				BUNDLE_LOADER = "$(TEST_HOST)";
				CLANG_ENABLE_MODULES = YES;
				CODE_SIGN_STYLE = Automatic;
				CURRENT_PROJECT_VERSION = 1;
				DEVELOPMENT_TEAM = 5MW8948NCL;
				GENERATE_INFOPLIST_FILE = YES;
				IPHONEOS_DEPLOYMENT_TARGET = 17.2;
				MARKETING_VERSION = 1.0;
				PRODUCT_BUNDLE_IDENTIFIER = com.tharin.AppetizersTests;
				PRODUCT_NAME = "$(TARGET_NAME)";
				SWIFT_EMIT_LOC_STRINGS = NO;
				SWIFT_VERSION = 5.0;
				TARGETED_DEVICE_FAMILY = "1,2";
				TEST_HOST = "$(BUILT_PRODUCTS_DIR)/Appetizers.app/$(BUNDLE_EXECUTABLE_FOLDER_PATH)/Appetizers";
			};
			name = Release;
		};
		E1D62DFC2B505D0C000E9824 /* Debug */ = {
			isa = XCBuildConfiguration;
			buildSettings = {
				CODE_SIGN_STYLE = Automatic;
				CURRENT_PROJECT_VERSION = 1;
				DEVELOPMENT_TEAM = 5MW8948NCL;
				GENERATE_INFOPLIST_FILE = YES;
				IPHONEOS_DEPLOYMENT_TARGET = 17.2;
				MARKETING_VERSION = 1.0;
				PRODUCT_BUNDLE_IDENTIFIER = com.tharin.AppetizersUITests;
				PRODUCT_NAME = "$(TARGET_NAME)";
				SWIFT_EMIT_LOC_STRINGS = NO;
				SWIFT_VERSION = 5.0;
				TARGETED_DEVICE_FAMILY = "1,2";
				TEST_TARGET_NAME = Appetizers;
			};
			name = Debug;
		};
		E1D62DFD2B505D0C000E9824 /* Release */ = {
			isa = XCBuildConfiguration;
			buildSettings = {
				CODE_SIGN_STYLE = Automatic;
				CURRENT_PROJECT_VERSION = 1;
				DEVELOPMENT_TEAM = 5MW8948NCL;
				GENERATE_INFOPLIST_FILE = YES;
				IPHONEOS_DEPLOYMENT_TARGET = 17.2;
				MARKETING_VERSION = 1.0;
				PRODUCT_BUNDLE_IDENTIFIER = com.tharin.AppetizersUITests;
				PRODUCT_NAME = "$(TARGET_NAME)";
				SWIFT_EMIT_LOC_STRINGS = NO;
				SWIFT_VERSION = 5.0;
				TARGETED_DEVICE_FAMILY = "1,2";
				TEST_TARGET_NAME = Appetizers;
			};
			name = Release;
		};
/* End XCBuildConfiguration section */

/* Begin XCConfigurationList section */
		E1C30F1F2B307CD900274192 /* Build configuration list for PBXProject "Appetizers" */ = {
			isa = XCConfigurationList;
			buildConfigurations = (
				E1C30F302B307CDB00274192 /* Debug */,
				E1C30F312B307CDB00274192 /* Release */,
			);
			defaultConfigurationIsVisible = 0;
			defaultConfigurationName = Release;
		};
		E1C30F322B307CDB00274192 /* Build configuration list for PBXNativeTarget "Appetizers" */ = {
			isa = XCConfigurationList;
			buildConfigurations = (
				E1C30F332B307CDB00274192 /* Debug */,
				E1C30F342B307CDB00274192 /* Release */,
			);
			defaultConfigurationIsVisible = 0;
			defaultConfigurationName = Release;
		};
		E1D62DEC2B505CF5000E9824 /* Build configuration list for PBXNativeTarget "AppetizersTests" */ = {
			isa = XCConfigurationList;
			buildConfigurations = (
				E1D62DED2B505CF5000E9824 /* Debug */,
				E1D62DEE2B505CF5000E9824 /* Release */,
			);
			defaultConfigurationIsVisible = 0;
			defaultConfigurationName = Release;
		};
		E1D62DFB2B505D0C000E9824 /* Build configuration list for PBXNativeTarget "AppetizersUITests" */ = {
			isa = XCConfigurationList;
			buildConfigurations = (
				E1D62DFC2B505D0C000E9824 /* Debug */,
				E1D62DFD2B505D0C000E9824 /* Release */,
			);
			defaultConfigurationIsVisible = 0;
			defaultConfigurationName = Release;
		};
/* End XCConfigurationList section */
	};
	rootObject = E1C30F1C2B307CD900274192 /* Project object */;
}
